# This file is generated by gogradle automatically, you should NEVER modify it manually.
---
apiVersion: "0.10.2"
dependencies:
  build:
  - name: "github.com/Microsoft/go-winio"
    host:
      name: "github.com/containernetworking/plugins"
      commit: "afd7391938547d363dd55800afb44be7ad3b4fcd"
      urls:
      - "https://github.com/containernetworking/plugins.git"
      - "git@github.com:containernetworking/plugins.git"
      vcs: "git"
    vendorPath: "vendor/github.com/Microsoft/hcsshim/vendor/github.com/Microsoft/go-winio"
    transitive: false
  - name: "github.com/Microsoft/hcsshim"
    host:
      name: "github.com/containernetworking/plugins"
      commit: "afd7391938547d363dd55800afb44be7ad3b4fcd"
      urls:
      - "https://github.com/containernetworking/plugins.git"
      - "git@github.com:containernetworking/plugins.git"
      vcs: "git"
    vendorPath: "vendor/github.com/Microsoft/hcsshim"
    transitive: false
  - name: "github.com/Microsoft/opengcs"
    host:
      name: "github.com/containernetworking/plugins"
      commit: "afd7391938547d363dd55800afb44be7ad3b4fcd"
      urls:
      - "https://github.com/containernetworking/plugins.git"
      - "git@github.com:containernetworking/plugins.git"
      vcs: "git"
    vendorPath: "vendor/github.com/Microsoft/hcsshim/vendor/github.com/Microsoft/opengcs"
    transitive: false
  - name: "github.com/alexflint/go-filemutex"
    host:
      name: "github.com/containernetworking/plugins"
      commit: "afd7391938547d363dd55800afb44be7ad3b4fcd"
      urls:
      - "https://github.com/containernetworking/plugins.git"
      - "git@github.com:containernetworking/plugins.git"
      vcs: "git"
    vendorPath: "vendor/github.com/alexflint/go-filemutex"
    transitive: false
  - name: "github.com/blang/semver"
    host:
      name: "github.com/containernetworking/plugins"
      commit: "afd7391938547d363dd55800afb44be7ad3b4fcd"
      urls:
      - "https://github.com/containernetworking/plugins.git"
      - "git@github.com:containernetworking/plugins.git"
      vcs: "git"
    vendorPath: "vendor/github.com/Microsoft/hcsshim/vendor/github.com/blang/semver"
    transitive: false
  - name: "github.com/buger/jsonparser"
    host:
      name: "github.com/containernetworking/plugins"
      commit: "afd7391938547d363dd55800afb44be7ad3b4fcd"
      urls:
      - "https://github.com/containernetworking/plugins.git"
      - "git@github.com:containernetworking/plugins.git"
      vcs: "git"
    vendorPath: "vendor/github.com/buger/jsonparser"
    transitive: false
  - name: "github.com/containerd/console"
    host:
      name: "github.com/containernetworking/plugins"
      commit: "afd7391938547d363dd55800afb44be7ad3b4fcd"
      urls:
      - "https://github.com/containernetworking/plugins.git"
      - "git@github.com:containernetworking/plugins.git"
      vcs: "git"
    vendorPath: "vendor/github.com/Microsoft/hcsshim/vendor/github.com/containerd/console"
    transitive: false
  - name: "github.com/containerd/go-runc"
    host:
      name: "github.com/containernetworking/plugins"
      commit: "afd7391938547d363dd55800afb44be7ad3b4fcd"
      urls:
      - "https://github.com/containernetworking/plugins.git"
      - "git@github.com:containernetworking/plugins.git"
      vcs: "git"
    vendorPath: "vendor/github.com/Microsoft/hcsshim/vendor/github.com/containerd/go-runc"
    transitive: false
  - urls:
    - "https://github.com/containernetworking/cni.git"
    - "git@github.com:containernetworking/cni.git"
    vcs: "git"
    name: "github.com/containernetworking/cni"
    commit: "8fa373b4fd6889f59133dd82484a80c110bc4c10"
    transitive: false
  - urls:
    - "https://github.com/containernetworking/plugins.git"
    - "git@github.com:containernetworking/plugins.git"
    vcs: "git"
    name: "github.com/containernetworking/plugins"
    commit: "afd7391938547d363dd55800afb44be7ad3b4fcd"
    transitive: false
  - name: "github.com/coreos/go-iptables"
    host:
      name: "github.com/containernetworking/plugins"
      commit: "afd7391938547d363dd55800afb44be7ad3b4fcd"
      urls:
      - "https://github.com/containernetworking/plugins.git"
      - "git@github.com:containernetworking/plugins.git"
      vcs: "git"
    vendorPath: "vendor/github.com/coreos/go-iptables"
    transitive: false
  - name: "github.com/coreos/go-systemd"
    host:
      name: "github.com/containernetworking/plugins"
      commit: "afd7391938547d363dd55800afb44be7ad3b4fcd"
      urls:
      - "https://github.com/containernetworking/plugins.git"
      - "git@github.com:containernetworking/plugins.git"
      vcs: "git"
    vendorPath: "vendor/github.com/coreos/go-systemd"
    transitive: false
  - name: "github.com/d2g/dhcp4"
    host:
      name: "github.com/containernetworking/plugins"
      commit: "afd7391938547d363dd55800afb44be7ad3b4fcd"
      urls:
      - "https://github.com/containernetworking/plugins.git"
      - "git@github.com:containernetworking/plugins.git"
      vcs: "git"
    vendorPath: "vendor/github.com/d2g/dhcp4"
    transitive: false
  - name: "github.com/d2g/dhcp4client"
    host:
      name: "github.com/containernetworking/plugins"
      commit: "afd7391938547d363dd55800afb44be7ad3b4fcd"
      urls:
      - "https://github.com/containernetworking/plugins.git"
      - "git@github.com:containernetworking/plugins.git"
      vcs: "git"
    vendorPath: "vendor/github.com/d2g/dhcp4client"
    transitive: false
  - name: "github.com/d2g/dhcp4server"
    host:
      name: "github.com/containernetworking/plugins"
      commit: "afd7391938547d363dd55800afb44be7ad3b4fcd"
      urls:
      - "https://github.com/containernetworking/plugins.git"
      - "git@github.com:containernetworking/plugins.git"
      vcs: "git"
    vendorPath: "vendor/github.com/d2g/dhcp4server"
    transitive: false
  - name: "github.com/hashicorp/errwrap"
    host:
      name: "github.com/containernetworking/plugins"
      commit: "afd7391938547d363dd55800afb44be7ad3b4fcd"
      urls:
      - "https://github.com/containernetworking/plugins.git"
      - "git@github.com:containernetworking/plugins.git"
      vcs: "git"
    vendorPath: "vendor/github.com/Microsoft/hcsshim/vendor/github.com/hashicorp/errwrap"
    transitive: false
  - name: "github.com/hashicorp/go-multierror"
    host:
      name: "github.com/containernetworking/plugins"
      commit: "afd7391938547d363dd55800afb44be7ad3b4fcd"
      urls:
      - "https://github.com/containernetworking/plugins.git"
      - "git@github.com:containernetworking/plugins.git"
      vcs: "git"
    vendorPath: "vendor/github.com/Microsoft/hcsshim/vendor/github.com/hashicorp/go-multierror"
    transitive: false
  - name: "github.com/j-keck/arping"
    host:
      name: "github.com/containernetworking/plugins"
      commit: "afd7391938547d363dd55800afb44be7ad3b4fcd"
      urls:
      - "https://github.com/containernetworking/plugins.git"
      - "git@github.com:containernetworking/plugins.git"
      vcs: "git"
    vendorPath: "vendor/github.com/j-keck/arping"
    transitive: false
  - name: "github.com/juju/errors"
    host:
      name: "github.com/containernetworking/plugins"
      commit: "afd7391938547d363dd55800afb44be7ad3b4fcd"
      urls:
      - "https://github.com/containernetworking/plugins.git"
      - "git@github.com:containernetworking/plugins.git"
      vcs: "git"
    vendorPath: "vendor/github.com/juju/errors"
    transitive: false
  - urls:
    - "https://github.com/kaloom/kubernetes-common.git"
    - "git@github.com:kaloom/kubernetes-common.git"
    vcs: "git"
    name: "github.com/kaloom/kubernetes-common"
    commit: "53ca04fed9be3d58433ddae04b77eeb8384fdebb"
    transitive: false
  - name: "github.com/konsorten/go-windows-terminal-sequences"
    host:
      name: "github.com/containernetworking/plugins"
      commit: "afd7391938547d363dd55800afb44be7ad3b4fcd"
      urls:
      - "https://github.com/containernetworking/plugins.git"
      - "git@github.com:containernetworking/plugins.git"
      vcs: "git"
    vendorPath: "vendor/github.com/Microsoft/hcsshim/vendor/github.com/konsorten/go-windows-terminal-sequences"
    transitive: false
  - name: "github.com/linuxkit/virtsock"
    host:
      name: "github.com/containernetworking/plugins"
      commit: "afd7391938547d363dd55800afb44be7ad3b4fcd"
      urls:
      - "https://github.com/containernetworking/plugins.git"
      - "git@github.com:containernetworking/plugins.git"
      vcs: "git"
    vendorPath: "vendor/github.com/Microsoft/hcsshim/vendor/github.com/linuxkit/virtsock"
    transitive: false
  - name: "github.com/mattn/go-shellwords"
    host:
      name: "github.com/containernetworking/plugins"
      commit: "afd7391938547d363dd55800afb44be7ad3b4fcd"
      urls:
      - "https://github.com/containernetworking/plugins.git"
      - "git@github.com:containernetworking/plugins.git"
      vcs: "git"
    vendorPath: "vendor/github.com/mattn/go-shellwords"
    transitive: false
  - name: "github.com/onsi/ginkgo"
    host:
      name: "github.com/containernetworking/plugins"
      commit: "afd7391938547d363dd55800afb44be7ad3b4fcd"
      urls:
      - "https://github.com/containernetworking/plugins.git"
      - "git@github.com:containernetworking/plugins.git"
      vcs: "git"
    vendorPath: "vendor/github.com/onsi/ginkgo"
    transitive: false
  - name: "github.com/onsi/gomega"
    host:
      name: "github.com/containernetworking/plugins"
      commit: "afd7391938547d363dd55800afb44be7ad3b4fcd"
      urls:
      - "https://github.com/containernetworking/plugins.git"
      - "git@github.com:containernetworking/plugins.git"
      vcs: "git"
    vendorPath: "vendor/github.com/onsi/gomega"
    transitive: false
  - name: "github.com/opencontainers/runtime-spec"
    host:
      name: "github.com/containernetworking/plugins"
      commit: "afd7391938547d363dd55800afb44be7ad3b4fcd"
      urls:
      - "https://github.com/containernetworking/plugins.git"
      - "git@github.com:containernetworking/plugins.git"
      vcs: "git"
    vendorPath: "vendor/github.com/Microsoft/hcsshim/vendor/github.com/opencontainers/runtime-spec"
    transitive: false
  - name: "github.com/opencontainers/runtime-tools"
    host:
      name: "github.com/containernetworking/plugins"
      commit: "afd7391938547d363dd55800afb44be7ad3b4fcd"
      urls:
      - "https://github.com/containernetworking/plugins.git"
      - "git@github.com:containernetworking/plugins.git"
      vcs: "git"
    vendorPath: "vendor/github.com/Microsoft/hcsshim/vendor/github.com/opencontainers/runtime-tools"
    transitive: false
  - name: "github.com/pkg/errors"
    host:
      name: "github.com/containernetworking/plugins"
      commit: "afd7391938547d363dd55800afb44be7ad3b4fcd"
      urls:
      - "https://github.com/containernetworking/plugins.git"
      - "git@github.com:containernetworking/plugins.git"
      vcs: "git"
    vendorPath: "vendor/github.com/Microsoft/hcsshim/vendor/github.com/pkg/errors"
    transitive: false
  - name: "github.com/safchain/ethtool"
    host:
      name: "github.com/containernetworking/plugins"
      commit: "afd7391938547d363dd55800afb44be7ad3b4fcd"
      urls:
      - "https://github.com/containernetworking/plugins.git"
      - "git@github.com:containernetworking/plugins.git"
      vcs: "git"
    vendorPath: "vendor/github.com/safchain/ethtool"
    transitive: false
  - name: "github.com/sirupsen/logrus"
    host:
      name: "github.com/containernetworking/plugins"
      commit: "afd7391938547d363dd55800afb44be7ad3b4fcd"
      urls:
      - "https://github.com/containernetworking/plugins.git"
      - "git@github.com:containernetworking/plugins.git"
      vcs: "git"
    vendorPath: "vendor/github.com/Microsoft/hcsshim/vendor/github.com/sirupsen/logrus"
    transitive: false
  - name: "github.com/syndtr/gocapability"
    host:
      name: "github.com/containernetworking/plugins"
      commit: "afd7391938547d363dd55800afb44be7ad3b4fcd"
      urls:
      - "https://github.com/containernetworking/plugins.git"
      - "git@github.com:containernetworking/plugins.git"
      vcs: "git"
    vendorPath: "vendor/github.com/Microsoft/hcsshim/vendor/github.com/syndtr/gocapability"
    transitive: false
  - name: "github.com/urfave/cli"
    host:
      name: "github.com/containernetworking/plugins"
      commit: "afd7391938547d363dd55800afb44be7ad3b4fcd"
      urls:
      - "https://github.com/containernetworking/plugins.git"
      - "git@github.com:containernetworking/plugins.git"
      vcs: "git"
    vendorPath: "vendor/github.com/Microsoft/hcsshim/vendor/github.com/urfave/cli"
    transitive: false
  - urls:
    - "https://github.com/vishvananda/netlink.git"
    - "git@github.com:vishvananda/netlink.git"
    vcs: "git"
    name: "github.com/vishvananda/netlink"
    commit: "6e453822d85ef5721799774b654d4d02fed62afb"
    transitive: false
  - urls:
    - "https://github.com/vishvananda/netns.git"
    - "git@github.com:vishvananda/netns.git"
    vcs: "git"
    name: "github.com/vishvananda/netns"
    commit: "13995c7128ccc8e51e9a6bd2b551020a27180abd"
    transitive: false
  - name: "github.com/xeipuuv/gojsonpointer"
    host:
      name: "github.com/containernetworking/plugins"
      commit: "afd7391938547d363dd55800afb44be7ad3b4fcd"
      urls:
      - "https://github.com/containernetworking/plugins.git"
      - "git@github.com:containernetworking/plugins.git"
      vcs: "git"
    vendorPath: "vendor/github.com/Microsoft/hcsshim/vendor/github.com/xeipuuv/gojsonpointer"
    transitive: false
  - name: "github.com/xeipuuv/gojsonreference"
    host:
      name: "github.com/containernetworking/plugins"
      commit: "afd7391938547d363dd55800afb44be7ad3b4fcd"
      urls:
      - "https://github.com/containernetworking/plugins.git"
      - "git@github.com:containernetworking/plugins.git"
      vcs: "git"
    vendorPath: "vendor/github.com/Microsoft/hcsshim/vendor/github.com/xeipuuv/gojsonreference"
    transitive: false
  - name: "github.com/xeipuuv/gojsonschema"
    host:
      name: "github.com/containernetworking/plugins"
      commit: "afd7391938547d363dd55800afb44be7ad3b4fcd"
      urls:
      - "https://github.com/containernetworking/plugins.git"
      - "git@github.com:containernetworking/plugins.git"
      vcs: "git"
    vendorPath: "vendor/github.com/Microsoft/hcsshim/vendor/github.com/xeipuuv/gojsonschema"
    transitive: false
  - name: "golang.org/x/crypto"
    host:
      name: "github.com/containernetworking/plugins"
      commit: "afd7391938547d363dd55800afb44be7ad3b4fcd"
      urls:
      - "https://github.com/containernetworking/plugins.git"
      - "git@github.com:containernetworking/plugins.git"
      vcs: "git"
    vendorPath: "vendor/github.com/Microsoft/hcsshim/vendor/golang.org/x/crypto"
    transitive: false
  - name: "golang.org/x/net"
    host:
      name: "github.com/containernetworking/plugins"
      commit: "afd7391938547d363dd55800afb44be7ad3b4fcd"
      urls:
      - "https://github.com/containernetworking/plugins.git"
      - "git@github.com:containernetworking/plugins.git"
      vcs: "git"
    vendorPath: "vendor/golang.org/x/net"
    transitive: false
  - name: "golang.org/x/sync"
    host:
      name: "github.com/containernetworking/plugins"
      commit: "afd7391938547d363dd55800afb44be7ad3b4fcd"
      urls:
      - "https://github.com/containernetworking/plugins.git"
      - "git@github.com:containernetworking/plugins.git"
      vcs: "git"
    vendorPath: "vendor/github.com/Microsoft/hcsshim/vendor/golang.org/x/sync"
    transitive: false
  - name: "golang.org/x/sys"
    host:
      name: "github.com/containernetworking/plugins"
      commit: "afd7391938547d363dd55800afb44be7ad3b4fcd"
      urls:
      - "https://github.com/containernetworking/plugins.git"
      - "git@github.com:containernetworking/plugins.git"
      vcs: "git"
    vendorPath: "vendor/github.com/Microsoft/hcsshim/vendor/golang.org/x/sys"
    transitive: false
  test: []
